// !$*UTF8*$!
{
	archiveVersion = 1;
	classes = {
	};
	objectVersion = 46;
	objects = {

/* Begin PBXBuildFile section */
		EDF67A2B1DDBEBDC005A688E /* main.m in Sources */ = {isa = PBXBuildFile; fileRef = EDF67A2A1DDBEBDC005A688E /* main.m */; };
		EDF67A2E1DDBEBDC005A688E /* AppDelegate.m in Sources */ = {isa = PBXBuildFile; fileRef = EDF67A2D1DDBEBDC005A688E /* AppDelegate.m */; };
		EDF67A311DDBEBDC005A688E /* ViewController.m in Sources */ = {isa = PBXBuildFile; fileRef = EDF67A301DDBEBDC005A688E /* ViewController.m */; };
		EDF67A341DDBEBDC005A688E /* Main.storyboard in Resources */ = {isa = PBXBuildFile; fileRef = EDF67A321DDBEBDC005A688E /* Main.storyboard */; };
		EDF67A361DDBEBDC005A688E /* Assets.xcassets in Resources */ = {isa = PBXBuildFile; fileRef = EDF67A351DDBEBDC005A688E /* Assets.xcassets */; };
		EDF67A391DDBEBDC005A688E /* LaunchScreen.storyboard in Resources */ = {isa = PBXBuildFile; fileRef = EDF67A371DDBEBDC005A688E /* LaunchScreen.storyboard */; };
/* End PBXBuildFile section */

/* Begin PBXFileReference section */
		EDF67A261DDBEBDC005A688E /* KVO.app */ = {isa = PBXFileReference; explicitFileType = wrapper.application; includeInIndex = 0; path = KVO.app; sourceTree = BUILT_PRODUCTS_DIR; };
		EDF67A2A1DDBEBDC005A688E /* main.m */ = {isa = PBXFileReference; lastKnownFileType = sourcecode.c.objc; path = main.m; sourceTree = "<group>"; };
		EDF67A2C1DDBEBDC005A688E /* AppDelegate.h */ = {isa = PBXFileReference; lastKnownFileType = sourcecode.c.h; path = AppDelegate.h; sourceTree = "<group>"; };
		EDF67A2D1DDBEBDC005A688E /* AppDelegate.m */ = {isa = PBXFileReference; lastKnownFileType = sourcecode.c.objc; path = AppDelegate.m; sourceTree = "<group>"; };
		EDF67A2F1DDBEBDC005A688E /* ViewController.h */ = {isa = PBXFileReference; lastKnownFileType = sourcecode.c.h; path = ViewController.h; sourceTree = "<group>"; };
		EDF67A301DDBEBDC005A688E /* ViewController.m */ = {isa = PBXFileReference; lastKnownFileType = sourcecode.c.objc; path = ViewController.m; sourceTree = "<group>"; };
		EDF67A331DDBEBDC005A688E /* Base */ = {isa = PBXFileReference; lastKnownFileType = file.storyboard; name = Base; path = Base.lproj/Main.storyboard; sourceTree = "<group>"; };
		EDF67A351DDBEBDC005A688E /* Assets.xcassets */ = {isa = PBXFileReference; lastKnownFileType = folder.assetcatalog; path = Assets.xcassets; sourceTree = "<group>"; };
		EDF67A381DDBEBDC005A688E /* Base */ = {isa = PBXFileReference; lastKnownFileType = file.storyboard; name = Base; path = Base.lproj/LaunchScreen.storyboard; sourceTree = "<group>"; };
		EDF67A3A1DDBEBDC005A688E /* Info.plist */ = {isa = PBXFileReference; lastKnownFileType = text.plist.xml; path = Info.plist; sourceTree = "<group>"; };
/* End PBXFileReference section */

/* Begin PBXFrameworksBuildPhase section */
		EDF67A231DDBEBDC005A688E /* Frameworks */ = {
			isa = PBXFrameworksBuildPhase;
			buildActionMask = 2147483647;
			files = (
			);
			runOnlyForDeploymentPostprocessing = 0;
		};
/* End PBXFrameworksBuildPhase section */

/* Begin PBXGroup section */
		EDF67A1D1DDBEBDC005A688E = {
			isa = PBXGroup;
			children = (
				EDF67A281DDBEBDC005A688E /* KVO */,
				EDF67A271DDBEBDC005A688E /* Products */,
			);
			sourceTree = "<group>";
		};
		EDF67A271DDBEBDC005A688E /* Products */ = {
			isa = PBXGroup;
			children = (
				EDF67A261DDBEBDC005A688E /* KVO.app */,
			);
			name = Products;
			sourceTree = "<group>";
		};
		EDF67A281DDBEBDC005A688E /* KVO */ = {
			isa = PBXGroup;
			children = (
				EDF67A2C1DDBEBDC005A688E /* AppDelegate.h */,
				EDF67A2D1DDBEBDC005A688E /* AppDelegate.m */,
				EDF67A2F1DDBEBDC005A688E /* ViewController.h */,
				EDF67A301DDBEBDC005A688E /* ViewController.m */,
				EDF67A321DDBEBDC005A688E /* Main.storyboard */,
				EDF67A351DDBEBDC005A688E /* Assets.xcassets */,
				EDF67A371DDBEBDC005A688E /* LaunchScreen.storyboard */,
				EDF67A3A1DDBEBDC005A688E /* Info.plist */,
				EDF67A291DDBEBDC005A688E /* Supporting Files */,
			);
			path = KVO;
			sourceTree = "<group>";
		};
		EDF67A291DDBEBDC005A688E /* Supporting Files */ = {
			isa = PBXGroup;
			children = (
				EDF67A2A1DDBEBDC005A688E /* main.m */,
			);
			name = "Supporting Files";
			sourceTree = "<group>";
		};
/* End PBXGroup section */

/* Begin PBXNativeTarget section */
		EDF67A251DDBEBDC005A688E /* KVO */ = {
			isa = PBXNativeTarget;
			buildConfigurationList = EDF67A3D1DDBEBDC005A688E /* Build configuration list for PBXNativeTarget "KVO" */;
			buildPhases = (
				EDF67A221DDBEBDC005A688E /* Sources */,
				EDF67A231DDBEBDC005A688E /* Frameworks */,
				EDF67A241DDBEBDC005A688E /* Resources */,
			);
			buildRules = (
			);
			dependencies = (
			);
			name = KVO;
			productName = KVO;
			productReference = EDF67A261DDBEBDC005A688E /* KVO.app */;
			productType = "com.apple.product-type.application";
		};
/* End PBXNativeTarget section */

/* Begin PBXProject section */
		EDF67A1E1DDBEBDC005A688E /* Project object */ = {
			isa = PBXProject;
			attributes = {
				LastUpgradeCheck = 0730;
				ORGANIZATIONNAME = qianrun;
				TargetAttributes = {
					EDF67A251DDBEBDC005A688E = {
						CreatedOnToolsVersion = 7.3.1;
						DevelopmentTeam = AWXB2A4S7V;
					};
				};
			};
			buildConfigurationList = EDF67A211DDBEBDC005A688E /* Build configuration list for PBXProject "KVO" */;
			compatibilityVersion = "Xcode 3.2";
			developmentRegion = English;
			hasScannedForEncodings = 0;
			knownRegions = (
				en,
				Base,
			);
			mainGroup = EDF67A1D1DDBEBDC005A688E;
			productRefGroup = EDF67A271DDBEBDC005A688E /* Products */;
			projectDirPath = "";
			projectRoot = "";
			targets = (
				EDF67A251DDBEBDC005A688E /* KVO */,
			);
		};
/* End PBXProject section */

/* Begin PBXResourcesBuildPhase section */
		EDF67A241DDBEBDC005A688E /* Resources */ = {
			isa = PBXResourcesBuildPhase;
			buildActionMask = 2147483647;
			files = (
				EDF67A391DDBEBDC005A688E /* LaunchScreen.storyboard in Resources */,
				EDF67A361DDBEBDC005A688E /* Assets.xcassets in Resources */,
				EDF67A341DDBEBDC005A688E /* Main.storyboard in Resources */,
			);
			runOnlyForDeploymentPostprocessing = 0;
		};
/* End PBXResourcesBuildPhase section */

/* Begin PBXSourcesBuildPhase section */
		EDF67A221DDBEBDC005A688E /* Sources */ = {
			isa = PBXSourcesBuildPhase;
			buildActionMask = 2147483647;
			files = (
				EDF67A311DDBEBDC005A688E /* ViewController.m in Sources */,
				EDF67A2E1DDBEBDC005A688E /* AppDelegate.m in Sources */,
				EDF67A2B1DDBEBDC005A688E /* main.m in Sources */,
			);
			runOnlyForDeploymentPostprocessing = 0;
		};
/* End PBXSourcesBuildPhase section */

/* Begin PBXVariantGroup section */
		EDF67A321DDBEBDC005A688E /* Main.storyboard */ = {
			isa = PBXVariantGroup;
			children = (
				EDF67A331DDBEBDC005A688E /* Base */,
			);
			name = Main.storyboard;
			sourceTree = "<group>";
		};
		EDF67A371DDBEBDC005A688E /* LaunchScreen.storyboard */ = {
			isa = PBXVariantGroup;
			children = (
				EDF67A381DDBEBDC005A688E /* Base */,
			);
			name = LaunchScreen.storyboard;
			sourceTree = "<group>";
		};
/* End PBXVariantGroup section */

/* Begin XCBuildConfiguration section */
		EDF67A3B1DDBEBDC005A688E /* Debug */ = {
			isa = XCBuildConfiguration;
			buildSettings = {
				ALWAYS_SEARCH_USER_PATHS = NO;
				CLANG_ANALYZER_NONNULL = YES;
				CLANG_CXX_LANGUAGE_STANDARD = "gnu++0x";
				CLANG_CXX_LIBRARY = "libc++";
				CLANG_ENABLE_MODULES = YES;
				CLANG_ENABLE_OBJC_ARC = YES;
				CLANG_WARN_BOOL_CONVERSION = YES;
				CLANG_WARN_CONSTANT_CONVERSION = YES;
				CLANG_WARN_DIRECT_OBJC_ISA_USAGE = YES_ERROR;
				CLANG_WARN_EMPTY_BODY = YES;
				CLANG_WARN_ENUM_CONVERSION = YES;
				CLANG_WARN_INT_CONVERSION = YES;
				CLANG_WARN_OBJC_ROOT_CLASS = YES_ERROR;
				CLANG_WARN_UNREACHABLE_CODE = YES;
				CLANG_WARN__DUPLICATE_METHOD_MATCH = YES;
				"CODE_SIGN_IDENTITY[sdk=iphoneos*]" = "iPhone Developer";
				COPY_PHASE_STRIP = NO;
				DEBUG_INFORMATION_FORMAT = dwarf;
				ENABLE_STRICT_OBJC_MSGSEND = YES;
				ENABLE_TESTABILITY = YES;
				GCC_C_LANGUAGE_STANDARD = gnu99;
				GCC_DYNAMIC_NO_PIC = NO;
				GCC_NO_COMMON_BLOCKS = YES;
				GCC_OPTIMIZATION_LEVEL = 0;
				GCC_PREPROCESSOR_DEFINITIONS = (
					"DEBUG=1",
					"$(inherited)",
				);
				GCC_WARN_64_TO_32_BIT_CONVERSION = YES;
				GCC_WARN_ABOUT_RETURN_TYPE = YES_ERROR;
				GCC_WARN_UNDECLARED_SELECTOR = YES;
				GCC_WARN_UNINITIALIZED_AUTOS = YES_AGGRESSIVE;
				GCC_WARN_UNUSED_FUNCTION = YES;
				GCC_WARN_UNUSED_VARIABLE = YES;
				IPHONEOS_DEPLOYMENT_TARGET = 9.3;
				MTL_ENABLE_DEBUG_INFO = YES;
				ONLY_ACTIVE_ARCH = YES;
				SDKROOT = iphoneos;
				TARGETED_DEVICE_FAMILY = "1,2";
			};
			name = Debug;
		};
		EDF67A3C1DDBEBDC005A688E /* Release */ = {
			isa = XCBuildConfiguration;
			buildSettings = {
				ALWAYS_SEARCH_USER_PATHS = NO;
				CLANG_ANALYZER_NONNULL = YES;
				CLANG_CXX_LANGUAGE_STANDARD = "gnu++0x";
				CLANG_CXX_LIBRARY = "libc++";
				CLANG_ENABLE_MODULES = YES;
				CLANG_ENABLE_OBJC_ARC = YES;
				CLANG_WARN_BOOL_CONVERSION = YES;
				CLANG_WARN_CONSTANT_CONVERSION = YES;
				CLANG_WARN_DIRECT_OBJC_ISA_USAGE = YES_ERROR;
				CLANG_WARN_EMPTY_BODY = YES;
				CLANG_WARN_ENUM_CONVERSION = YES;
				CLANG_WARN_INT_CONVERSION = YES;
				CLANG_WARN_OBJC_ROOT_CLASS = YES_ERROR;
				CLANG_WARN_UNREACHABLE_CODE = YES;
				CLANG_WARN__DUPLICATE_METHOD_MATCH = YES;
				"CODE_SIGN_IDENTITY[sdk=iphoneos*]" = "iPhone Developer";
				COPY_PHASE_STRIP = NO;
				DEBUG_INFORMATION_FORMAT = "dwarf-with-dsym";
				ENABLE_NS_ASSERTIONS = NO;
				ENABLE_STRICT_OBJC_MSGSEND = YES;
				GCC_C_LANGUAGE_STANDARD = gnu99;
				GCC_NO_COMMON_BLOCKS = YES;
				GCC_WARN_64_TO_32_BIT_CONVERSION = YES;
				GCC_WARN_ABOUT_RETURN_TYPE = YES_ERROR;
				GCC_WARN_UNDECLARED_SELECTOR = YES;
				GCC_WARN_UNINITIALIZED_AUTOS = YES_AGGRESSIVE;
				GCC_WARN_UNUSED_FUNCTION = YES;
				GCC_WARN_UNUSED_VARIABLE = YES;
				IPHONEOS_DEPLOYMENT_TARGET = 9.3;
				MTL_ENABLE_DEBUG_INFO = NO;
				SDKROOT = iphoneos;
				TARGETED_DEVICE_FAMILY = "1,2";
				VALIDATE_PRODUCT = YES;
			};
			name = Release;
		};
		EDF67A3E1DDBEBDC005A688E /* Debug */ = {
			isa = XCBuildConfiguration;
			buildSettings = {
				ASSETCATALOG_COMPILER_APPICON_NAME = AppIcon;
				DEVELOPMENT_TEAM = AWXB2A4S7V;
				INFOPLIST_FILE = KVO/Info.plist;
				LD_RUNPATH_SEARCH_PATHS = "$(inherited) @executable_path/Frameworks";
				PRODUCT_BUNDLE_IDENTIFIER = com.qianrun.KVO;
				PRODUCT_NAME = "$(TARGET_NAME)";
			};
			name = Debug;
		};
		EDF67A3F1DDBEBDC005A688E /* Release */ = {
			isa = XCBuildConfiguration;
			buildSettings = {
				ASSETCATALOG_COMPILER_APPICON_NAME = AppIcon;
				DEVELOPMENT_TEAM = AWXB2A4S7V;
				INFOPLIST_FILE = KVO/Info.plist;
				LD_RUNPATH_SEARCH_PATHS = "$(inherited) @executable_path/Frameworks";
				PRODUCT_BUNDLE_IDENTIFIER = com.qianrun.KVO;
				PRODUCT_NAME = "$(TARGET_NAME)";
			};
			name = Release;
		};
/* End XCBuildConfiguration section */

/* Begin XCConfigurationList section */
		EDF67A211DDBEBDC005A688E /* Build configuration list for PBXProject "KVO" */ = {
			isa = XCConfigurationList;
			buildConfigurations = (
				EDF67A3B1DDBEBDC005A688E /* Debug */,
				EDF67A3C1DDBEBDC005A688E /* Release */,
			);
			defaultConfigurationIsVisible = 0;
			defaultConfigurationName = Release;
		};
		EDF67A3D1DDBEBDC005A688E /* Build configuration list for PBXNativeTarget "KVO" */ = {
			isa = XCConfigurationList;
			buildConfigurations = (
				EDF67A3E1DDBEBDC005A688E /* Debug */,
				EDF67A3F1DDBEBDC005A688E /* Release */,
			);
			defaultConfigurationIsVisible = 0;
			defaultConfigurationName = Release;
		};
/* End XCConfigurationList section */
	};
	rootObject = EDF67A1E1DDBEBDC005A688E /* Project object */;
}
